PODS:
  - YukiCompatible (0.2.0)
  - YukiExtensions (0.1.0):
    - YukiCompatible
    - YukiValue
  - YukiValue (0.1.0)

DEPENDENCIES:
  - YukiCompatible
  - YukiExtensions (from `../`)
  - YukiValue

SPEC REPOS:
  https://github.com/CocoaPods/Specs.git:
    - YukiCompatible
    - YukiValue

EXTERNAL SOURCES:
  YukiExtensions:
    :path: "../"

SPEC CHECKSUMS:
  YukiCompatible: c1b47b87d8bb135f22a05f47e2c64390e1bab918
  YukiExtensions: 459d1c23e7fe54f4f18ad4430503fe92c0892163
  YukiValue: 51812a9e8a86c66b92813439d0dcdf0fa3d62c55

PODFILE CHECKSUM: b65ceae3de94e910c93ecd61bd78de8d895b10d4

COCOAPODS: 1.10.1
